
Microsoft Visual Studio Solution File, Format Version 12.00
# Visual Studio Version 16
VisualStudioVersion = 16.0.30621.155
MinimumVisualStudioVersion = 10.0.40219.1
Project("{FAE04EC0-301F-11D3-BF4B-00C04F79EFBC}") = "NewProgect", "Logger\NewProgect.csproj", "{7318059B-13AC-4590-89E2-0846B5449CBC}"
EndProject
Project("{FAE04EC0-301F-11D3-BF4B-00C04F79EFBC}") = "ClassLibrary1", "ClassLibrary1\ClassLibrary1.csproj", "{8C8075DB-9E75-46B6-B6A0-BE482350BC5B}"
EndProject
Project("{FAE04EC0-301F-11D3-BF4B-00C04F79EFBC}") = "ClassLibrary2", "ClassLibrary2\ClassLibrary2.csproj", "{CC298243-5D2C-4ABF-AC3D-E33339220453}"
EndProject
Project("{FAE04EC0-301F-11D3-BF4B-00C04F79EFBC}") = "ClassLibrary3", "ClassLibrary3\ClassLibrary3.csproj", "{0C49D34A-FA1B-4BB1-A49A-592F141D44C4}"
EndProject
Global
	GlobalSection(SolutionConfigurationPlatforms) = preSolution
		Debug|Any CPU = Debug|Any CPU
		Release|Any CPU = Release|Any CPU
	EndGlobalSection
	GlobalSection(ProjectConfigurationPlatforms) = postSolution
		{7318059B-13AC-4590-89E2-0846B5449CBC}.Debug|Any CPU.ActiveCfg = Debug|Any CPU
		{7318059B-13AC-4590-89E2-0846B5449CBC}.Debug|Any CPU.Build.0 = Debug|Any CPU
		{7318059B-13AC-4590-89E2-0846B5449CBC}.Release|Any CPU.ActiveCfg = Release|Any CPU
		{7318059B-13AC-4590-89E2-0846B5449CBC}.Release|Any CPU.Build.0 = Release|Any CPU
		{8C8075DB-9E75-46B6-B6A0-BE482350BC5B}.Debug|Any CPU.ActiveCfg = Debug|Any CPU
		{8C8075DB-9E75-46B6-B6A0-BE482350BC5B}.Debug|Any CPU.Build.0 = Debug|Any CPU
		{8C8075DB-9E75-46B6-B6A0-BE482350BC5B}.Release|Any CPU.ActiveCfg = Release|Any CPU
		{8C8075DB-9E75-46B6-B6A0-BE482350BC5B}.Release|Any CPU.Build.0 = Release|Any CPU
		{CC298243-5D2C-4ABF-AC3D-E33339220453}.Debug|Any CPU.ActiveCfg = Debug|Any CPU
		{CC298243-5D2C-4ABF-AC3D-E33339220453}.Debug|Any CPU.Build.0 = Debug|Any CPU
		{CC298243-5D2C-4ABF-AC3D-E33339220453}.Release|Any CPU.ActiveCfg = Release|Any CPU
		{CC298243-5D2C-4ABF-AC3D-E33339220453}.Release|Any CPU.Build.0 = Release|Any CPU
		{0C49D34A-FA1B-4BB1-A49A-592F141D44C4}.Debug|Any CPU.ActiveCfg = Debug|Any CPU
		{0C49D34A-FA1B-4BB1-A49A-592F141D44C4}.Debug|Any CPU.Build.0 = Debug|Any CPU
		{0C49D34A-FA1B-4BB1-A49A-592F141D44C4}.Release|Any CPU.ActiveCfg = Release|Any CPU
		{0C49D34A-FA1B-4BB1-A49A-592F141D44C4}.Release|Any CPU.Build.0 = Release|Any CPU
	EndGlobalSection
	GlobalSection(SolutionProperties) = preSolution
		HideSolutionNode = FALSE
	EndGlobalSection
	GlobalSection(ExtensibilityGlobals) = postSolution
		SolutionGuid = {65BC40FE-2C50-402A-BB0A-FC7745DDAD1E}
	EndGlobalSection
EndGlobal
